// !$*UTF8*$!
{
	archiveVersion = 1;
	classes = {
	};
	objectVersion = 55;
	objects = {

/* Begin PBXBuildFile section */
		029111F89A79A6C65C329EE7 /* Pods_Lingora_LingoraUITests.framework in Frameworks */ = {isa = PBXBuildFile; fileRef = 2C1471240839B0BD0A2BBB11 /* Pods_Lingora_LingoraUITests.framework */; };
		3C465AE2D181D29A79F0781C /* Pods_LingoraTests.framework in Frameworks */ = {isa = PBXBuildFile; fileRef = 45546C0E6C1DC29190654511 /* Pods_LingoraTests.framework */; };
		8D01F068289B4BDF00AF1484 /* SavedPostsViewController.m in Sources */ = {isa = PBXBuildFile; fileRef = 8D01F067289B4BDF00AF1484 /* SavedPostsViewController.m */; };
		8D01F06B289B506C00AF1484 /* SavedPostsTableViewCell.m in Sources */ = {isa = PBXBuildFile; fileRef = 8D01F06A289B506C00AF1484 /* SavedPostsTableViewCell.m */; };
		8D08BC392874A79F00E2D93D /* AppDelegate.m in Sources */ = {isa = PBXBuildFile; fileRef = 8D08BC382874A79F00E2D93D /* AppDelegate.m */; };
		8D08BC3C2874A79F00E2D93D /* SceneDelegate.m in Sources */ = {isa = PBXBuildFile; fileRef = 8D08BC3B2874A79F00E2D93D /* SceneDelegate.m */; };
		8D08BC3F2874A79F00E2D93D /* ViewController.m in Sources */ = {isa = PBXBuildFile; fileRef = 8D08BC3E2874A79F00E2D93D /* ViewController.m */; };
		8D08BC422874A79F00E2D93D /* Main.storyboard in Resources */ = {isa = PBXBuildFile; fileRef = 8D08BC402874A79F00E2D93D /* Main.storyboard */; };
		8D08BC442874A7A000E2D93D /* Assets.xcassets in Resources */ = {isa = PBXBuildFile; fileRef = 8D08BC432874A7A000E2D93D /* Assets.xcassets */; };
		8D08BC472874A7A000E2D93D /* LaunchScreen.storyboard in Resources */ = {isa = PBXBuildFile; fileRef = 8D08BC452874A7A000E2D93D /* LaunchScreen.storyboard */; };
		8D08BC4A2874A7A000E2D93D /* main.m in Sources */ = {isa = PBXBuildFile; fileRef = 8D08BC492874A7A000E2D93D /* main.m */; };
		8D08BC542874A7A000E2D93D /* LingoraTests.m in Sources */ = {isa = PBXBuildFile; fileRef = 8D08BC532874A7A000E2D93D /* LingoraTests.m */; };
		8D08BC5E2874A7A000E2D93D /* LingoraUITests.m in Sources */ = {isa = PBXBuildFile; fileRef = 8D08BC5D2874A7A000E2D93D /* LingoraUITests.m */; };
		8D08BC602874A7A000E2D93D /* LingoraUITestsLaunchTests.m in Sources */ = {isa = PBXBuildFile; fileRef = 8D08BC5F2874A7A000E2D93D /* LingoraUITestsLaunchTests.m */; };
		8D08BC712874D7DF00E2D93D /* LoginViewController.m in Sources */ = {isa = PBXBuildFile; fileRef = 8D08BC702874D7DF00E2D93D /* LoginViewController.m */; };
		8D181DE228874ECC00011E25 /* ChatViewController.m in Sources */ = {isa = PBXBuildFile; fileRef = 8D181DE128874ECC00011E25 /* ChatViewController.m */; };
		8D181DE52887547900011E25 /* ChatTableViewCell.m in Sources */ = {isa = PBXBuildFile; fileRef = 8D181DE42887547900011E25 /* ChatTableViewCell.m */; };
		8D1A7D782880A1AE005146C4 /* MapViewController.m in Sources */ = {isa = PBXBuildFile; fileRef = 8D1A7D772880A1AE005146C4 /* MapViewController.m */; };
		8D42F8E8287F46CA0078FD29 /* PostInterestCollectionViewCell.m in Sources */ = {isa = PBXBuildFile; fileRef = 8D42F8E7287F46CA0078FD29 /* PostInterestCollectionViewCell.m */; };
		8D42F8EB287F47050078FD29 /* PostProfileImagesCollectionViewCell.m in Sources */ = {isa = PBXBuildFile; fileRef = 8D42F8EA287F47050078FD29 /* PostProfileImagesCollectionViewCell.m */; };
		8D42F8EE287F480E0078FD29 /* PostProfileTableViewCell.m in Sources */ = {isa = PBXBuildFile; fileRef = 8D42F8ED287F480E0078FD29 /* PostProfileTableViewCell.m */; };
		8D42F8F1287F5D5C0078FD29 /* RecommendedTableViewCell.m in Sources */ = {isa = PBXBuildFile; fileRef = 8D42F8F0287F5D5C0078FD29 /* RecommendedTableViewCell.m */; };
		8D42F8F4287F65930078FD29 /* PostDetailViewController.m in Sources */ = {isa = PBXBuildFile; fileRef = 8D42F8F3287F65930078FD29 /* PostDetailViewController.m */; };
		8D4CCE8E289B108100C2A0CA /* RecommendUsersHandler.m in Sources */ = {isa = PBXBuildFile; fileRef = 8D4CCE8D289B108100C2A0CA /* RecommendUsersHandler.m */; };
		8D62442B287CBBE300B82B98 /* RecommendedViewController.m in Sources */ = {isa = PBXBuildFile; fileRef = 8D62442A287CBBE300B82B98 /* RecommendedViewController.m */; };
		8D62442E287CC05900B82B98 /* ProfileInterestsCollectionViewCell.m in Sources */ = {isa = PBXBuildFile; fileRef = 8D62442D287CC05900B82B98 /* ProfileInterestsCollectionViewCell.m */; };
		8D63C1A6288B6127007F99DE /* Message.m in Sources */ = {isa = PBXBuildFile; fileRef = 8D63C1A5288B6127007F99DE /* Message.m */; };
		8D63C1A9288B61FD007F99DE /* Conversation.m in Sources */ = {isa = PBXBuildFile; fileRef = 8D63C1A8288B61FD007F99DE /* Conversation.m */; };
		8D63C1AC288F0F23007F99DE /* SearchUsersToMessageViewController.m in Sources */ = {isa = PBXBuildFile; fileRef = 8D63C1AB288F0F23007F99DE /* SearchUsersToMessageViewController.m */; };
		8D63C1AF288F175D007F99DE /* ChatUserSearchTableViewCell.m in Sources */ = {isa = PBXBuildFile; fileRef = 8D63C1AE288F175D007F99DE /* ChatUserSearchTableViewCell.m */; };
		8D63C1B2288F3342007F99DE /* DirectMessageViewController.m in Sources */ = {isa = PBXBuildFile; fileRef = 8D63C1B1288F3342007F99DE /* DirectMessageViewController.m */; };
		8D63C1B5288F389B007F99DE /* DirectMessageTableViewCell.m in Sources */ = {isa = PBXBuildFile; fileRef = 8D63C1B4288F389B007F99DE /* DirectMessageTableViewCell.m */; };
		8D6C5005287CDDD800D22747 /* ViewProfileViewController.m in Sources */ = {isa = PBXBuildFile; fileRef = 8D6C5004287CDDD800D22747 /* ViewProfileViewController.m */; };
		8D7396E3289DBA9900748374 /* RankInterestsViewController.m in Sources */ = {isa = PBXBuildFile; fileRef = 8D7396E2289DBA9900748374 /* RankInterestsViewController.m */; };
		8D98E587287DF50C00AC4475 /* ProfileImageCollectionViewCell.m in Sources */ = {isa = PBXBuildFile; fileRef = 8D98E586287DF50C00AC4475 /* ProfileImageCollectionViewCell.m */; };
		8DBA3EBA28789A720030EBEF /* ComposePostViewController.m in Sources */ = {isa = PBXBuildFile; fileRef = 8DBA3EB928789A720030EBEF /* ComposePostViewController.m */; };
		8DBA3EBE2878B8D40030EBEF /* ProfileViewController.m in Sources */ = {isa = PBXBuildFile; fileRef = 8DBA3EBD2878B8D40030EBEF /* ProfileViewController.m */; };
		8DBA3EC12878C2680030EBEF /* ProfileTableViewCell.m in Sources */ = {isa = PBXBuildFile; fileRef = 8DBA3EC02878C2680030EBEF /* ProfileTableViewCell.m */; };
		8DC5AA18287612FF00011509 /* WelcomeViewController.m in Sources */ = {isa = PBXBuildFile; fileRef = 8DC5AA17287612FF00011509 /* WelcomeViewController.m */; };
		8DC5AA1B28762BBE00011509 /* SignupViewController.m in Sources */ = {isa = PBXBuildFile; fileRef = 8DC5AA1A28762BBE00011509 /* SignupViewController.m */; };
		8DC5AA1E28762BCE00011509 /* HomeFeedViewController.m in Sources */ = {isa = PBXBuildFile; fileRef = 8DC5AA1D28762BCE00011509 /* HomeFeedViewController.m */; };
		8DC5AA212876561A00011509 /* Post.m in Sources */ = {isa = PBXBuildFile; fileRef = 8DC5AA202876561A00011509 /* Post.m */; };
		8DC5AA242877B3F400011509 /* PostTableViewCell.m in Sources */ = {isa = PBXBuildFile; fileRef = 8DC5AA232877B3F400011509 /* PostTableViewCell.m */; };
		8DEDC5CE289484330048AEB9 /* Keys.plist in Resources */ = {isa = PBXBuildFile; fileRef = 8DEDC5CD289484330048AEB9 /* Keys.plist */; };
		8DFC725728932DE20088E08D /* ConversationHandler.m in Sources */ = {isa = PBXBuildFile; fileRef = 8DFC725628932DE20088E08D /* ConversationHandler.m */; };
		8DFC725A28932F0F0088E08D /* ConversationManager.m in Sources */ = {isa = PBXBuildFile; fileRef = 8DFC725928932F0F0088E08D /* ConversationManager.m */; };
		F4A4BA7BAA55E8254E2809F1 /* Pods_Lingora.framework in Frameworks */ = {isa = PBXBuildFile; fileRef = 3A9F396EA7F6C2C08CEB415D /* Pods_Lingora.framework */; };
/* End PBXBuildFile section */

/* Begin PBXContainerItemProxy section */
		8D08BC502874A7A000E2D93D /* PBXContainerItemProxy */ = {
			isa = PBXContainerItemProxy;
			containerPortal = 8D08BC2C2874A79F00E2D93D /* Project object */;
			proxyType = 1;
			remoteGlobalIDString = 8D08BC332874A79F00E2D93D;
			remoteInfo = Lingora;
		};
		8D08BC5A2874A7A000E2D93D /* PBXContainerItemProxy */ = {
			isa = PBXContainerItemProxy;
			containerPortal = 8D08BC2C2874A79F00E2D93D /* Project object */;
			proxyType = 1;
			remoteGlobalIDString = 8D08BC332874A79F00E2D93D;
			remoteInfo = Lingora;
		};
/* End PBXContainerItemProxy section */

/* Begin PBXFileReference section */
		01AA6A31E6D7D3BBD0689275 /* Pods-Lingora.debug.xcconfig */ = {isa = PBXFileReference; includeInIndex = 1; lastKnownFileType = text.xcconfig; name = "Pods-Lingora.debug.xcconfig"; path = "Target Support Files/Pods-Lingora/Pods-Lingora.debug.xcconfig"; sourceTree = "<group>"; };
		099EFCCD233CE4398689CBAC /* Pods-Lingora-LingoraUITests.debug.xcconfig */ = {isa = PBXFileReference; includeInIndex = 1; lastKnownFileType = text.xcconfig; name = "Pods-Lingora-LingoraUITests.debug.xcconfig"; path = "Target Support Files/Pods-Lingora-LingoraUITests/Pods-Lingora-LingoraUITests.debug.xcconfig"; sourceTree = "<group>"; };
		2C1471240839B0BD0A2BBB11 /* Pods_Lingora_LingoraUITests.framework */ = {isa = PBXFileReference; explicitFileType = wrapper.framework; includeInIndex = 0; path = Pods_Lingora_LingoraUITests.framework; sourceTree = BUILT_PRODUCTS_DIR; };
		3A9F396EA7F6C2C08CEB415D /* Pods_Lingora.framework */ = {isa = PBXFileReference; explicitFileType = wrapper.framework; includeInIndex = 0; path = Pods_Lingora.framework; sourceTree = BUILT_PRODUCTS_DIR; };
		45546C0E6C1DC29190654511 /* Pods_LingoraTests.framework */ = {isa = PBXFileReference; explicitFileType = wrapper.framework; includeInIndex = 0; path = Pods_LingoraTests.framework; sourceTree = BUILT_PRODUCTS_DIR; };
		764867815445D58D3F2B9098 /* Pods-Lingora-LingoraUITests.release.xcconfig */ = {isa = PBXFileReference; includeInIndex = 1; lastKnownFileType = text.xcconfig; name = "Pods-Lingora-LingoraUITests.release.xcconfig"; path = "Target Support Files/Pods-Lingora-LingoraUITests/Pods-Lingora-LingoraUITests.release.xcconfig"; sourceTree = "<group>"; };
		8D01F066289B4BDF00AF1484 /* SavedPostsViewController.h */ = {isa = PBXFileReference; lastKnownFileType = sourcecode.c.h; path = SavedPostsViewController.h; sourceTree = "<group>"; };
		8D01F067289B4BDF00AF1484 /* SavedPostsViewController.m */ = {isa = PBXFileReference; lastKnownFileType = sourcecode.c.objc; path = SavedPostsViewController.m; sourceTree = "<group>"; };
		8D01F069289B506C00AF1484 /* SavedPostsTableViewCell.h */ = {isa = PBXFileReference; lastKnownFileType = sourcecode.c.h; path = SavedPostsTableViewCell.h; sourceTree = "<group>"; };
		8D01F06A289B506C00AF1484 /* SavedPostsTableViewCell.m */ = {isa = PBXFileReference; lastKnownFileType = sourcecode.c.objc; path = SavedPostsTableViewCell.m; sourceTree = "<group>"; };
		8D08BC342874A79F00E2D93D /* Lingora.app */ = {isa = PBXFileReference; explicitFileType = wrapper.application; includeInIndex = 0; path = Lingora.app; sourceTree = BUILT_PRODUCTS_DIR; };
		8D08BC372874A79F00E2D93D /* AppDelegate.h */ = {isa = PBXFileReference; lastKnownFileType = sourcecode.c.h; path = AppDelegate.h; sourceTree = "<group>"; };
		8D08BC382874A79F00E2D93D /* AppDelegate.m */ = {isa = PBXFileReference; lastKnownFileType = sourcecode.c.objc; path = AppDelegate.m; sourceTree = "<group>"; };
		8D08BC3A2874A79F00E2D93D /* SceneDelegate.h */ = {isa = PBXFileReference; lastKnownFileType = sourcecode.c.h; path = SceneDelegate.h; sourceTree = "<group>"; };
		8D08BC3B2874A79F00E2D93D /* SceneDelegate.m */ = {isa = PBXFileReference; lastKnownFileType = sourcecode.c.objc; path = SceneDelegate.m; sourceTree = "<group>"; };
		8D08BC3D2874A79F00E2D93D /* ViewController.h */ = {isa = PBXFileReference; lastKnownFileType = sourcecode.c.h; path = ViewController.h; sourceTree = "<group>"; };
		8D08BC3E2874A79F00E2D93D /* ViewController.m */ = {isa = PBXFileReference; lastKnownFileType = sourcecode.c.objc; path = ViewController.m; sourceTree = "<group>"; };
		8D08BC412874A79F00E2D93D /* Base */ = {isa = PBXFileReference; lastKnownFileType = file.storyboard; name = Base; path = Base.lproj/Main.storyboard; sourceTree = "<group>"; };
		8D08BC432874A7A000E2D93D /* Assets.xcassets */ = {isa = PBXFileReference; lastKnownFileType = folder.assetcatalog; path = Assets.xcassets; sourceTree = "<group>"; };
		8D08BC462874A7A000E2D93D /* Base */ = {isa = PBXFileReference; lastKnownFileType = file.storyboard; name = Base; path = Base.lproj/LaunchScreen.storyboard; sourceTree = "<group>"; };
		8D08BC482874A7A000E2D93D /* Info.plist */ = {isa = PBXFileReference; lastKnownFileType = text.plist.xml; path = Info.plist; sourceTree = "<group>"; };
		8D08BC492874A7A000E2D93D /* main.m */ = {isa = PBXFileReference; lastKnownFileType = sourcecode.c.objc; path = main.m; sourceTree = "<group>"; };
		8D08BC4F2874A7A000E2D93D /* LingoraTests.xctest */ = {isa = PBXFileReference; explicitFileType = wrapper.cfbundle; includeInIndex = 0; path = LingoraTests.xctest; sourceTree = BUILT_PRODUCTS_DIR; };
		8D08BC532874A7A000E2D93D /* LingoraTests.m */ = {isa = PBXFileReference; lastKnownFileType = sourcecode.c.objc; path = LingoraTests.m; sourceTree = "<group>"; };
		8D08BC592874A7A000E2D93D /* LingoraUITests.xctest */ = {isa = PBXFileReference; explicitFileType = wrapper.cfbundle; includeInIndex = 0; path = LingoraUITests.xctest; sourceTree = BUILT_PRODUCTS_DIR; };
		8D08BC5D2874A7A000E2D93D /* LingoraUITests.m */ = {isa = PBXFileReference; lastKnownFileType = sourcecode.c.objc; path = LingoraUITests.m; sourceTree = "<group>"; };
		8D08BC5F2874A7A000E2D93D /* LingoraUITestsLaunchTests.m */ = {isa = PBXFileReference; lastKnownFileType = sourcecode.c.objc; path = LingoraUITestsLaunchTests.m; sourceTree = "<group>"; };
		8D08BC6F2874D7DF00E2D93D /* LoginViewController.h */ = {isa = PBXFileReference; lastKnownFileType = sourcecode.c.h; path = LoginViewController.h; sourceTree = "<group>"; };
		8D08BC702874D7DF00E2D93D /* LoginViewController.m */ = {isa = PBXFileReference; lastKnownFileType = sourcecode.c.objc; path = LoginViewController.m; sourceTree = "<group>"; };
		8D181DE028874ECC00011E25 /* ChatViewController.h */ = {isa = PBXFileReference; lastKnownFileType = sourcecode.c.h; path = ChatViewController.h; sourceTree = "<group>"; };
		8D181DE128874ECC00011E25 /* ChatViewController.m */ = {isa = PBXFileReference; lastKnownFileType = sourcecode.c.objc; path = ChatViewController.m; sourceTree = "<group>"; };
		8D181DE32887547900011E25 /* ChatTableViewCell.h */ = {isa = PBXFileReference; lastKnownFileType = sourcecode.c.h; path = ChatTableViewCell.h; sourceTree = "<group>"; };
		8D181DE42887547900011E25 /* ChatTableViewCell.m */ = {isa = PBXFileReference; lastKnownFileType = sourcecode.c.objc; path = ChatTableViewCell.m; sourceTree = "<group>"; };
		8D1A7D762880A1AE005146C4 /* MapViewController.h */ = {isa = PBXFileReference; lastKnownFileType = sourcecode.c.h; name = MapViewController.h; path = Lingora/MapViewController.h; sourceTree = SOURCE_ROOT; };
		8D1A7D772880A1AE005146C4 /* MapViewController.m */ = {isa = PBXFileReference; lastKnownFileType = sourcecode.c.objc; name = MapViewController.m; path = Lingora/MapViewController.m; sourceTree = SOURCE_ROOT; };
		8D42F8E6287F46CA0078FD29 /* PostInterestCollectionViewCell.h */ = {isa = PBXFileReference; lastKnownFileType = sourcecode.c.h; name = PostInterestCollectionViewCell.h; path = Lingora/PostInterestCollectionViewCell.h; sourceTree = SOURCE_ROOT; };
		8D42F8E7287F46CA0078FD29 /* PostInterestCollectionViewCell.m */ = {isa = PBXFileReference; lastKnownFileType = sourcecode.c.objc; name = PostInterestCollectionViewCell.m; path = Lingora/PostInterestCollectionViewCell.m; sourceTree = SOURCE_ROOT; };
		8D42F8E9287F47050078FD29 /* PostProfileImagesCollectionViewCell.h */ = {isa = PBXFileReference; lastKnownFileType = sourcecode.c.h; name = PostProfileImagesCollectionViewCell.h; path = Lingora/PostProfileImagesCollectionViewCell.h; sourceTree = SOURCE_ROOT; };
		8D42F8EA287F47050078FD29 /* PostProfileImagesCollectionViewCell.m */ = {isa = PBXFileReference; lastKnownFileType = sourcecode.c.objc; name = PostProfileImagesCollectionViewCell.m; path = Lingora/PostProfileImagesCollectionViewCell.m; sourceTree = SOURCE_ROOT; };
		8D42F8EC287F480E0078FD29 /* PostProfileTableViewCell.h */ = {isa = PBXFileReference; lastKnownFileType = sourcecode.c.h; name = PostProfileTableViewCell.h; path = Lingora/PostProfileTableViewCell.h; sourceTree = SOURCE_ROOT; };
		8D42F8ED287F480E0078FD29 /* PostProfileTableViewCell.m */ = {isa = PBXFileReference; lastKnownFileType = sourcecode.c.objc; name = PostProfileTableViewCell.m; path = Lingora/PostProfileTableViewCell.m; sourceTree = SOURCE_ROOT; };
		8D42F8EF287F5D5C0078FD29 /* RecommendedTableViewCell.h */ = {isa = PBXFileReference; lastKnownFileType = sourcecode.c.h; name = RecommendedTableViewCell.h; path = Lingora/RecommendedTableViewCell.h; sourceTree = SOURCE_ROOT; };
		8D42F8F0287F5D5C0078FD29 /* RecommendedTableViewCell.m */ = {isa = PBXFileReference; lastKnownFileType = sourcecode.c.objc; name = RecommendedTableViewCell.m; path = Lingora/RecommendedTableViewCell.m; sourceTree = SOURCE_ROOT; };
		8D42F8F2287F65930078FD29 /* PostDetailViewController.h */ = {isa = PBXFileReference; lastKnownFileType = sourcecode.c.h; name = PostDetailViewController.h; path = Lingora/PostDetailViewController.h; sourceTree = SOURCE_ROOT; };
		8D42F8F3287F65930078FD29 /* PostDetailViewController.m */ = {isa = PBXFileReference; lastKnownFileType = sourcecode.c.objc; name = PostDetailViewController.m; path = Lingora/PostDetailViewController.m; sourceTree = SOURCE_ROOT; };
		8D4CCE8C289B108100C2A0CA /* RecommendUsersHandler.h */ = {isa = PBXFileReference; lastKnownFileType = sourcecode.c.h; path = RecommendUsersHandler.h; sourceTree = "<group>"; };
		8D4CCE8D289B108100C2A0CA /* RecommendUsersHandler.m */ = {isa = PBXFileReference; lastKnownFileType = sourcecode.c.objc; path = RecommendUsersHandler.m; sourceTree = "<group>"; };
		8D624429287CBBE300B82B98 /* RecommendedViewController.h */ = {isa = PBXFileReference; lastKnownFileType = sourcecode.c.h; name = RecommendedViewController.h; path = Lingora/RecommendedViewController.h; sourceTree = SOURCE_ROOT; };
		8D62442A287CBBE300B82B98 /* RecommendedViewController.m */ = {isa = PBXFileReference; lastKnownFileType = sourcecode.c.objc; name = RecommendedViewController.m; path = Lingora/RecommendedViewController.m; sourceTree = SOURCE_ROOT; };
		8D62442C287CC05900B82B98 /* ProfileInterestsCollectionViewCell.h */ = {isa = PBXFileReference; lastKnownFileType = sourcecode.c.h; path = ProfileInterestsCollectionViewCell.h; sourceTree = "<group>"; };
		8D62442D287CC05900B82B98 /* ProfileInterestsCollectionViewCell.m */ = {isa = PBXFileReference; lastKnownFileType = sourcecode.c.objc; path = ProfileInterestsCollectionViewCell.m; sourceTree = "<group>"; };
		8D63C1A4288B6127007F99DE /* Message.h */ = {isa = PBXFileReference; lastKnownFileType = sourcecode.c.h; path = Message.h; sourceTree = "<group>"; };
		8D63C1A5288B6127007F99DE /* Message.m */ = {isa = PBXFileReference; lastKnownFileType = sourcecode.c.objc; path = Message.m; sourceTree = "<group>"; };
		8D63C1A7288B61FD007F99DE /* Conversation.h */ = {isa = PBXFileReference; lastKnownFileType = sourcecode.c.h; path = Conversation.h; sourceTree = "<group>"; };
		8D63C1A8288B61FD007F99DE /* Conversation.m */ = {isa = PBXFileReference; lastKnownFileType = sourcecode.c.objc; path = Conversation.m; sourceTree = "<group>"; };
		8D63C1AA288F0F23007F99DE /* SearchUsersToMessageViewController.h */ = {isa = PBXFileReference; lastKnownFileType = sourcecode.c.h; name = SearchUsersToMessageViewController.h; path = Lingora/SearchUsersToMessageViewController.h; sourceTree = SOURCE_ROOT; };
		8D63C1AB288F0F23007F99DE /* SearchUsersToMessageViewController.m */ = {isa = PBXFileReference; lastKnownFileType = sourcecode.c.objc; name = SearchUsersToMessageViewController.m; path = Lingora/SearchUsersToMessageViewController.m; sourceTree = SOURCE_ROOT; };
		8D63C1AD288F175D007F99DE /* ChatUserSearchTableViewCell.h */ = {isa = PBXFileReference; lastKnownFileType = sourcecode.c.h; path = ChatUserSearchTableViewCell.h; sourceTree = "<group>"; };
		8D63C1AE288F175D007F99DE /* ChatUserSearchTableViewCell.m */ = {isa = PBXFileReference; lastKnownFileType = sourcecode.c.objc; path = ChatUserSearchTableViewCell.m; sourceTree = "<group>"; };
		8D63C1B0288F3342007F99DE /* DirectMessageViewController.h */ = {isa = PBXFileReference; lastKnownFileType = sourcecode.c.h; path = DirectMessageViewController.h; sourceTree = "<group>"; };
		8D63C1B1288F3342007F99DE /* DirectMessageViewController.m */ = {isa = PBXFileReference; lastKnownFileType = sourcecode.c.objc; path = DirectMessageViewController.m; sourceTree = "<group>"; };
		8D63C1B3288F389B007F99DE /* DirectMessageTableViewCell.h */ = {isa = PBXFileReference; lastKnownFileType = sourcecode.c.h; name = DirectMessageTableViewCell.h; path = Lingora/DirectMessageTableViewCell.h; sourceTree = SOURCE_ROOT; };
		8D63C1B4288F389B007F99DE /* DirectMessageTableViewCell.m */ = {isa = PBXFileReference; lastKnownFileType = sourcecode.c.objc; name = DirectMessageTableViewCell.m; path = Lingora/DirectMessageTableViewCell.m; sourceTree = SOURCE_ROOT; };
		8D6C5003287CDDD800D22747 /* ViewProfileViewController.h */ = {isa = PBXFileReference; lastKnownFileType = sourcecode.c.h; name = ViewProfileViewController.h; path = Lingora/ViewProfileViewController.h; sourceTree = SOURCE_ROOT; };
		8D6C5004287CDDD800D22747 /* ViewProfileViewController.m */ = {isa = PBXFileReference; lastKnownFileType = sourcecode.c.objc; name = ViewProfileViewController.m; path = Lingora/ViewProfileViewController.m; sourceTree = SOURCE_ROOT; };
		8D7396E1289DBA9900748374 /* RankInterestsViewController.h */ = {isa = PBXFileReference; lastKnownFileType = sourcecode.c.h; path = RankInterestsViewController.h; sourceTree = "<group>"; };
		8D7396E2289DBA9900748374 /* RankInterestsViewController.m */ = {isa = PBXFileReference; lastKnownFileType = sourcecode.c.objc; path = RankInterestsViewController.m; sourceTree = "<group>"; };
		8D98E585287DF50C00AC4475 /* ProfileImageCollectionViewCell.h */ = {isa = PBXFileReference; lastKnownFileType = sourcecode.c.h; name = ProfileImageCollectionViewCell.h; path = Lingora/ProfileImageCollectionViewCell.h; sourceTree = SOURCE_ROOT; };
		8D98E586287DF50C00AC4475 /* ProfileImageCollectionViewCell.m */ = {isa = PBXFileReference; lastKnownFileType = sourcecode.c.objc; name = ProfileImageCollectionViewCell.m; path = Lingora/ProfileImageCollectionViewCell.m; sourceTree = SOURCE_ROOT; };
		8DBA3EB828789A720030EBEF /* ComposePostViewController.h */ = {isa = PBXFileReference; lastKnownFileType = sourcecode.c.h; path = ComposePostViewController.h; sourceTree = "<group>"; };
		8DBA3EB928789A720030EBEF /* ComposePostViewController.m */ = {isa = PBXFileReference; lastKnownFileType = sourcecode.c.objc; path = ComposePostViewController.m; sourceTree = "<group>"; };
		8DBA3EBC2878B8D40030EBEF /* ProfileViewController.h */ = {isa = PBXFileReference; lastKnownFileType = sourcecode.c.h; path = ProfileViewController.h; sourceTree = "<group>"; };
		8DBA3EBD2878B8D40030EBEF /* ProfileViewController.m */ = {isa = PBXFileReference; lastKnownFileType = sourcecode.c.objc; path = ProfileViewController.m; sourceTree = "<group>"; };
		8DBA3EBF2878C2680030EBEF /* ProfileTableViewCell.h */ = {isa = PBXFileReference; lastKnownFileType = sourcecode.c.h; name = ProfileTableViewCell.h; path = Lingora/ProfileTableViewCell.h; sourceTree = SOURCE_ROOT; };
		8DBA3EC02878C2680030EBEF /* ProfileTableViewCell.m */ = {isa = PBXFileReference; lastKnownFileType = sourcecode.c.objc; name = ProfileTableViewCell.m; path = Lingora/ProfileTableViewCell.m; sourceTree = SOURCE_ROOT; };
		8DC5AA16287612FF00011509 /* WelcomeViewController.h */ = {isa = PBXFileReference; lastKnownFileType = sourcecode.c.h; path = WelcomeViewController.h; sourceTree = "<group>"; };
		8DC5AA17287612FF00011509 /* WelcomeViewController.m */ = {isa = PBXFileReference; lastKnownFileType = sourcecode.c.objc; path = WelcomeViewController.m; sourceTree = "<group>"; };
		8DC5AA1928762BBE00011509 /* SignupViewController.h */ = {isa = PBXFileReference; lastKnownFileType = sourcecode.c.h; path = SignupViewController.h; sourceTree = "<group>"; };
		8DC5AA1A28762BBE00011509 /* SignupViewController.m */ = {isa = PBXFileReference; lastKnownFileType = sourcecode.c.objc; path = SignupViewController.m; sourceTree = "<group>"; };
		8DC5AA1C28762BCE00011509 /* HomeFeedViewController.h */ = {isa = PBXFileReference; lastKnownFileType = sourcecode.c.h; path = HomeFeedViewController.h; sourceTree = "<group>"; };
		8DC5AA1D28762BCE00011509 /* HomeFeedViewController.m */ = {isa = PBXFileReference; lastKnownFileType = sourcecode.c.objc; path = HomeFeedViewController.m; sourceTree = "<group>"; };
		8DC5AA1F2876561A00011509 /* Post.h */ = {isa = PBXFileReference; lastKnownFileType = sourcecode.c.h; path = Post.h; sourceTree = "<group>"; };
		8DC5AA202876561A00011509 /* Post.m */ = {isa = PBXFileReference; lastKnownFileType = sourcecode.c.objc; path = Post.m; sourceTree = "<group>"; };
		8DC5AA222877B3F400011509 /* PostTableViewCell.h */ = {isa = PBXFileReference; lastKnownFileType = sourcecode.c.h; path = PostTableViewCell.h; sourceTree = "<group>"; };
		8DC5AA232877B3F400011509 /* PostTableViewCell.m */ = {isa = PBXFileReference; lastKnownFileType = sourcecode.c.objc; path = PostTableViewCell.m; sourceTree = "<group>"; };
		8DEDC5CD289484330048AEB9 /* Keys.plist */ = {isa = PBXFileReference; lastKnownFileType = text.plist.xml; path = Keys.plist; sourceTree = "<group>"; };
		8DFC725528932DE20088E08D /* ConversationHandler.h */ = {isa = PBXFileReference; lastKnownFileType = sourcecode.c.h; path = ConversationHandler.h; sourceTree = "<group>"; };
		8DFC725628932DE20088E08D /* ConversationHandler.m */ = {isa = PBXFileReference; lastKnownFileType = sourcecode.c.objc; path = ConversationHandler.m; sourceTree = "<group>"; };
		8DFC725828932F0F0088E08D /* ConversationManager.h */ = {isa = PBXFileReference; lastKnownFileType = sourcecode.c.h; path = ConversationManager.h; sourceTree = "<group>"; };
		8DFC725928932F0F0088E08D /* ConversationManager.m */ = {isa = PBXFileReference; lastKnownFileType = sourcecode.c.objc; path = ConversationManager.m; sourceTree = "<group>"; };
		D0202880DCEBFB0B7B05458B /* Pods-LingoraTests.debug.xcconfig */ = {isa = PBXFileReference; includeInIndex = 1; lastKnownFileType = text.xcconfig; name = "Pods-LingoraTests.debug.xcconfig"; path = "Target Support Files/Pods-LingoraTests/Pods-LingoraTests.debug.xcconfig"; sourceTree = "<group>"; };
		E3790AAAFC7DEA2F5390122C /* Pods-LingoraTests.release.xcconfig */ = {isa = PBXFileReference; includeInIndex = 1; lastKnownFileType = text.xcconfig; name = "Pods-LingoraTests.release.xcconfig"; path = "Target Support Files/Pods-LingoraTests/Pods-LingoraTests.release.xcconfig"; sourceTree = "<group>"; };
		F56DCA3193B987F897B02C73 /* Pods-Lingora.release.xcconfig */ = {isa = PBXFileReference; includeInIndex = 1; lastKnownFileType = text.xcconfig; name = "Pods-Lingora.release.xcconfig"; path = "Target Support Files/Pods-Lingora/Pods-Lingora.release.xcconfig"; sourceTree = "<group>"; };
/* End PBXFileReference section */

/* Begin PBXFrameworksBuildPhase section */
		8D08BC312874A79F00E2D93D /* Frameworks */ = {
			isa = PBXFrameworksBuildPhase;
			buildActionMask = 2147483647;
			files = (
				F4A4BA7BAA55E8254E2809F1 /* Pods_Lingora.framework in Frameworks */,
			);
			runOnlyForDeploymentPostprocessing = 0;
		};
		8D08BC4C2874A7A000E2D93D /* Frameworks */ = {
			isa = PBXFrameworksBuildPhase;
			buildActionMask = 2147483647;
			files = (
				3C465AE2D181D29A79F0781C /* Pods_LingoraTests.framework in Frameworks */,
			);
			runOnlyForDeploymentPostprocessing = 0;
		};
		8D08BC562874A7A000E2D93D /* Frameworks */ = {
			isa = PBXFrameworksBuildPhase;
			buildActionMask = 2147483647;
			files = (
				029111F89A79A6C65C329EE7 /* Pods_Lingora_LingoraUITests.framework in Frameworks */,
			);
			runOnlyForDeploymentPostprocessing = 0;
		};
/* End PBXFrameworksBuildPhase section */

/* Begin PBXGroup section */
		0EE68344FB2931705B4DFC88 /* Pods */ = {
			isa = PBXGroup;
			children = (
				01AA6A31E6D7D3BBD0689275 /* Pods-Lingora.debug.xcconfig */,
				F56DCA3193B987F897B02C73 /* Pods-Lingora.release.xcconfig */,
				099EFCCD233CE4398689CBAC /* Pods-Lingora-LingoraUITests.debug.xcconfig */,
				764867815445D58D3F2B9098 /* Pods-Lingora-LingoraUITests.release.xcconfig */,
				D0202880DCEBFB0B7B05458B /* Pods-LingoraTests.debug.xcconfig */,
				E3790AAAFC7DEA2F5390122C /* Pods-LingoraTests.release.xcconfig */,
			);
			path = Pods;
			sourceTree = "<group>";
		};
		25A9F55D2D564442FB4D2481 /* Frameworks */ = {
			isa = PBXGroup;
			children = (
				3A9F396EA7F6C2C08CEB415D /* Pods_Lingora.framework */,
				2C1471240839B0BD0A2BBB11 /* Pods_Lingora_LingoraUITests.framework */,
				45546C0E6C1DC29190654511 /* Pods_LingoraTests.framework */,
			);
			name = Frameworks;
			sourceTree = "<group>";
		};
		8D08BC2B2874A79F00E2D93D = {
			isa = PBXGroup;
			children = (
				8D08BC362874A79F00E2D93D /* Lingora */,
				8D08BC522874A7A000E2D93D /* LingoraTests */,
				8D08BC5C2874A7A000E2D93D /* LingoraUITests */,
				8D08BC352874A79F00E2D93D /* Products */,
				0EE68344FB2931705B4DFC88 /* Pods */,
				25A9F55D2D564442FB4D2481 /* Frameworks */,
			);
			sourceTree = "<group>";
		};
		8D08BC352874A79F00E2D93D /* Products */ = {
			isa = PBXGroup;
			children = (
				8D08BC342874A79F00E2D93D /* Lingora.app */,
				8D08BC4F2874A7A000E2D93D /* LingoraTests.xctest */,
				8D08BC592874A7A000E2D93D /* LingoraUITests.xctest */,
			);
			name = Products;
			sourceTree = "<group>";
		};
		8D08BC362874A79F00E2D93D /* Lingora */ = {
			isa = PBXGroup;
			children = (
				8D08BC372874A79F00E2D93D /* AppDelegate.h */,
				8D08BC382874A79F00E2D93D /* AppDelegate.m */,
				8D08BC3A2874A79F00E2D93D /* SceneDelegate.h */,
				8D08BC3B2874A79F00E2D93D /* SceneDelegate.m */,
				8D08BC3D2874A79F00E2D93D /* ViewController.h */,
				8D08BC3E2874A79F00E2D93D /* ViewController.m */,
				8D08BC402874A79F00E2D93D /* Main.storyboard */,
				8D7396DD289DA0B000748374 /* ReccomendationHandlers */,
				8DFC72422891BE9B0088E08D /* LiveQueryHandlers */,
				8D62442F287CC06000B82B98 /* CollectionViewCells */,
				8DBA3EBB2878B2730030EBEF /* DataModels */,
				8DC5AA252877B40100011509 /* TableViewCells */,
				8D08BC722874D7E500E2D93D /* ViewControllers */,
				8D08BC432874A7A000E2D93D /* Assets.xcassets */,
				8D08BC452874A7A000E2D93D /* LaunchScreen.storyboard */,
				8D08BC482874A7A000E2D93D /* Info.plist */,
				8DEDC5CD289484330048AEB9 /* Keys.plist */,
				8D08BC492874A7A000E2D93D /* main.m */,
			);
			path = Lingora;
			sourceTree = "<group>";
		};
		8D08BC522874A7A000E2D93D /* LingoraTests */ = {
			isa = PBXGroup;
			children = (
				8D08BC532874A7A000E2D93D /* LingoraTests.m */,
			);
			path = LingoraTests;
			sourceTree = "<group>";
		};
		8D08BC5C2874A7A000E2D93D /* LingoraUITests */ = {
			isa = PBXGroup;
			children = (
				8D08BC5D2874A7A000E2D93D /* LingoraUITests.m */,
				8D08BC5F2874A7A000E2D93D /* LingoraUITestsLaunchTests.m */,
			);
			path = LingoraUITests;
			sourceTree = "<group>";
		};
		8D08BC722874D7E500E2D93D /* ViewControllers */ = {
			isa = PBXGroup;
			children = (
				8D63C1AA288F0F23007F99DE /* SearchUsersToMessageViewController.h */,
				8D63C1AB288F0F23007F99DE /* SearchUsersToMessageViewController.m */,
				8D1A7D762880A1AE005146C4 /* MapViewController.h */,
				8D1A7D772880A1AE005146C4 /* MapViewController.m */,
				8D42F8F2287F65930078FD29 /* PostDetailViewController.h */,
				8D42F8F3287F65930078FD29 /* PostDetailViewController.m */,
				8D6C5003287CDDD800D22747 /* ViewProfileViewController.h */,
				8D6C5004287CDDD800D22747 /* ViewProfileViewController.m */,
				8D624429287CBBE300B82B98 /* RecommendedViewController.h */,
				8D62442A287CBBE300B82B98 /* RecommendedViewController.m */,
				8DBA3EB828789A720030EBEF /* ComposePostViewController.h */,
				8DBA3EB928789A720030EBEF /* ComposePostViewController.m */,
				8DC5AA1928762BBE00011509 /* SignupViewController.h */,
				8DC5AA1A28762BBE00011509 /* SignupViewController.m */,
				8D01F066289B4BDF00AF1484 /* SavedPostsViewController.h */,
				8D01F067289B4BDF00AF1484 /* SavedPostsViewController.m */,
				8DC5AA1C28762BCE00011509 /* HomeFeedViewController.h */,
				8DC5AA1D28762BCE00011509 /* HomeFeedViewController.m */,
				8DC5AA16287612FF00011509 /* WelcomeViewController.h */,
				8DC5AA17287612FF00011509 /* WelcomeViewController.m */,
				8D08BC6F2874D7DF00E2D93D /* LoginViewController.h */,
				8D08BC702874D7DF00E2D93D /* LoginViewController.m */,
				8DBA3EBC2878B8D40030EBEF /* ProfileViewController.h */,
				8DBA3EBD2878B8D40030EBEF /* ProfileViewController.m */,
				8D181DE028874ECC00011E25 /* ChatViewController.h */,
				8D181DE128874ECC00011E25 /* ChatViewController.m */,
				8D63C1B0288F3342007F99DE /* DirectMessageViewController.h */,
				8D63C1B1288F3342007F99DE /* DirectMessageViewController.m */,
				8D7396E1289DBA9900748374 /* RankInterestsViewController.h */,
				8D7396E2289DBA9900748374 /* RankInterestsViewController.m */,
			);
			path = ViewControllers;
			sourceTree = "<group>";
		};
		8D62442F287CC06000B82B98 /* CollectionViewCells */ = {
			isa = PBXGroup;
			children = (
				8D42F8E9287F47050078FD29 /* PostProfileImagesCollectionViewCell.h */,
				8D42F8EA287F47050078FD29 /* PostProfileImagesCollectionViewCell.m */,
				8D42F8E6287F46CA0078FD29 /* PostInterestCollectionViewCell.h */,
				8D42F8E7287F46CA0078FD29 /* PostInterestCollectionViewCell.m */,
				8D98E585287DF50C00AC4475 /* ProfileImageCollectionViewCell.h */,
				8D98E586287DF50C00AC4475 /* ProfileImageCollectionViewCell.m */,
				8D62442C287CC05900B82B98 /* ProfileInterestsCollectionViewCell.h */,
				8D62442D287CC05900B82B98 /* ProfileInterestsCollectionViewCell.m */,
			);
			path = CollectionViewCells;
			sourceTree = "<group>";
		};
		8D7396DD289DA0B000748374 /* ReccomendationHandlers */ = {
			isa = PBXGroup;
			children = (
				8D4CCE8C289B108100C2A0CA /* RecommendUsersHandler.h */,
				8D4CCE8D289B108100C2A0CA /* RecommendUsersHandler.m */,
			);
			path = ReccomendationHandlers;
			sourceTree = "<group>";
		};
		8DBA3EBB2878B2730030EBEF /* DataModels */ = {
			isa = PBXGroup;
			children = (
				8DC5AA1F2876561A00011509 /* Post.h */,
				8DC5AA202876561A00011509 /* Post.m */,
				8D63C1A4288B6127007F99DE /* Message.h */,
				8D63C1A5288B6127007F99DE /* Message.m */,
				8D63C1A7288B61FD007F99DE /* Conversation.h */,
				8D63C1A8288B61FD007F99DE /* Conversation.m */,
			);
			path = DataModels;
			sourceTree = "<group>";
		};
		8DC5AA252877B40100011509 /* TableViewCells */ = {
			isa = PBXGroup;
			children = (
				8D63C1B3288F389B007F99DE /* DirectMessageTableViewCell.h */,
				8D63C1B4288F389B007F99DE /* DirectMessageTableViewCell.m */,
				8D01F069289B506C00AF1484 /* SavedPostsTableViewCell.h */,
				8D01F06A289B506C00AF1484 /* SavedPostsTableViewCell.m */,
				8D42F8EF287F5D5C0078FD29 /* RecommendedTableViewCell.h */,
				8D42F8F0287F5D5C0078FD29 /* RecommendedTableViewCell.m */,
				8D42F8EC287F480E0078FD29 /* PostProfileTableViewCell.h */,
				8D42F8ED287F480E0078FD29 /* PostProfileTableViewCell.m */,
				8DBA3EBF2878C2680030EBEF /* ProfileTableViewCell.h */,
				8DBA3EC02878C2680030EBEF /* ProfileTableViewCell.m */,
				8DC5AA222877B3F400011509 /* PostTableViewCell.h */,
				8DC5AA232877B3F400011509 /* PostTableViewCell.m */,
				8D181DE32887547900011E25 /* ChatTableViewCell.h */,
				8D181DE42887547900011E25 /* ChatTableViewCell.m */,
				8D63C1AD288F175D007F99DE /* ChatUserSearchTableViewCell.h */,
				8D63C1AE288F175D007F99DE /* ChatUserSearchTableViewCell.m */,
			);
			path = TableViewCells;
			sourceTree = "<group>";
		};
		8DFC72422891BE9B0088E08D /* LiveQueryHandlers */ = {
			isa = PBXGroup;
			children = (
				8DFC725528932DE20088E08D /* ConversationHandler.h */,
				8DFC725628932DE20088E08D /* ConversationHandler.m */,
				8DFC725828932F0F0088E08D /* ConversationManager.h */,
				8DFC725928932F0F0088E08D /* ConversationManager.m */,
			);
			path = LiveQueryHandlers;
			sourceTree = "<group>";
		};
/* End PBXGroup section */

/* Begin PBXNativeTarget section */
		8D08BC332874A79F00E2D93D /* Lingora */ = {
			isa = PBXNativeTarget;
			buildConfigurationList = 8D08BC632874A7A000E2D93D /* Build configuration list for PBXNativeTarget "Lingora" */;
			buildPhases = (
				E00461DEF476CB779B178CEA /* [CP] Check Pods Manifest.lock */,
				8D08BC302874A79F00E2D93D /* Sources */,
				8D08BC312874A79F00E2D93D /* Frameworks */,
				8D08BC322874A79F00E2D93D /* Resources */,
				8475CD90B0AB3E7AFC0EFF07 /* [CP] Embed Pods Frameworks */,
				E239D4E851999896146F11DB /* [CP] Copy Pods Resources */,
			);
			buildRules = (
			);
			dependencies = (
			);
			name = Lingora;
			productName = Lingora;
			productReference = 8D08BC342874A79F00E2D93D /* Lingora.app */;
			productType = "com.apple.product-type.application";
		};
		8D08BC4E2874A7A000E2D93D /* LingoraTests */ = {
			isa = PBXNativeTarget;
			buildConfigurationList = 8D08BC662874A7A000E2D93D /* Build configuration list for PBXNativeTarget "LingoraTests" */;
			buildPhases = (
				0061F95CA098A441ACEB2816 /* [CP] Check Pods Manifest.lock */,
				8D08BC4B2874A7A000E2D93D /* Sources */,
				8D08BC4C2874A7A000E2D93D /* Frameworks */,
				8D08BC4D2874A7A000E2D93D /* Resources */,
			);
			buildRules = (
			);
			dependencies = (
				8D08BC512874A7A000E2D93D /* PBXTargetDependency */,
			);
			name = LingoraTests;
			productName = LingoraTests;
			productReference = 8D08BC4F2874A7A000E2D93D /* LingoraTests.xctest */;
			productType = "com.apple.product-type.bundle.unit-test";
		};
		8D08BC582874A7A000E2D93D /* LingoraUITests */ = {
			isa = PBXNativeTarget;
			buildConfigurationList = 8D08BC692874A7A000E2D93D /* Build configuration list for PBXNativeTarget "LingoraUITests" */;
			buildPhases = (
				34B5D3A32C2179EE57ABBB88 /* [CP] Check Pods Manifest.lock */,
				8D08BC552874A7A000E2D93D /* Sources */,
				8D08BC562874A7A000E2D93D /* Frameworks */,
				8D08BC572874A7A000E2D93D /* Resources */,
				5BE63DF15592451CF0B8DB6F /* [CP] Embed Pods Frameworks */,
				DCB1C4866486FB48408300CA /* [CP] Copy Pods Resources */,
			);
			buildRules = (
			);
			dependencies = (
				8D08BC5B2874A7A000E2D93D /* PBXTargetDependency */,
			);
			name = LingoraUITests;
			productName = LingoraUITests;
			productReference = 8D08BC592874A7A000E2D93D /* LingoraUITests.xctest */;
			productType = "com.apple.product-type.bundle.ui-testing";
		};
/* End PBXNativeTarget section */

/* Begin PBXProject section */
		8D08BC2C2874A79F00E2D93D /* Project object */ = {
			isa = PBXProject;
			attributes = {
				BuildIndependentTargetsInParallel = 1;
				LastUpgradeCheck = 1340;
				TargetAttributes = {
					8D08BC332874A79F00E2D93D = {
						CreatedOnToolsVersion = 13.4;
					};
					8D08BC4E2874A7A000E2D93D = {
						CreatedOnToolsVersion = 13.4;
						TestTargetID = 8D08BC332874A79F00E2D93D;
					};
					8D08BC582874A7A000E2D93D = {
						CreatedOnToolsVersion = 13.4;
						TestTargetID = 8D08BC332874A79F00E2D93D;
					};
				};
			};
			buildConfigurationList = 8D08BC2F2874A79F00E2D93D /* Build configuration list for PBXProject "Lingora" */;
			compatibilityVersion = "Xcode 13.0";
			developmentRegion = en;
			hasScannedForEncodings = 0;
			knownRegions = (
				en,
				Base,
			);
			mainGroup = 8D08BC2B2874A79F00E2D93D;
			productRefGroup = 8D08BC352874A79F00E2D93D /* Products */;
			projectDirPath = "";
			projectRoot = "";
			targets = (
				8D08BC332874A79F00E2D93D /* Lingora */,
				8D08BC4E2874A7A000E2D93D /* LingoraTests */,
				8D08BC582874A7A000E2D93D /* LingoraUITests */,
			);
		};
/* End PBXProject section */

/* Begin PBXResourcesBuildPhase section */
		8D08BC322874A79F00E2D93D /* Resources */ = {
			isa = PBXResourcesBuildPhase;
			buildActionMask = 2147483647;
			files = (
				8DEDC5CE289484330048AEB9 /* Keys.plist in Resources */,
				8D08BC472874A7A000E2D93D /* LaunchScreen.storyboard in Resources */,
				8D08BC442874A7A000E2D93D /* Assets.xcassets in Resources */,
				8D08BC422874A79F00E2D93D /* Main.storyboard in Resources */,
			);
			runOnlyForDeploymentPostprocessing = 0;
		};
		8D08BC4D2874A7A000E2D93D /* Resources */ = {
			isa = PBXResourcesBuildPhase;
			buildActionMask = 2147483647;
			files = (
			);
			runOnlyForDeploymentPostprocessing = 0;
		};
		8D08BC572874A7A000E2D93D /* Resources */ = {
			isa = PBXResourcesBuildPhase;
			buildActionMask = 2147483647;
			files = (
			);
			runOnlyForDeploymentPostprocessing = 0;
		};
/* End PBXResourcesBuildPhase section */

/* Begin PBXShellScriptBuildPhase section */
		0061F95CA098A441ACEB2816 /* [CP] Check Pods Manifest.lock */ = {
			isa = PBXShellScriptBuildPhase;
			buildActionMask = 2147483647;
			files = (
			);
			inputFileListPaths = (
			);
			inputPaths = (
				"${PODS_PODFILE_DIR_PATH}/Podfile.lock",
				"${PODS_ROOT}/Manifest.lock",
			);
			name = "[CP] Check Pods Manifest.lock";
			outputFileListPaths = (
			);
			outputPaths = (
				"$(DERIVED_FILE_DIR)/Pods-LingoraTests-checkManifestLockResult.txt",
			);
			runOnlyForDeploymentPostprocessing = 0;
			shellPath = /bin/sh;
			shellScript = "diff \"${PODS_PODFILE_DIR_PATH}/Podfile.lock\" \"${PODS_ROOT}/Manifest.lock\" > /dev/null\nif [ $? != 0 ] ; then\n    # print error to STDERR\n    echo \"error: The sandbox is not in sync with the Podfile.lock. Run 'pod install' or update your CocoaPods installation.\" >&2\n    exit 1\nfi\n# This output is used by Xcode 'outputs' to avoid re-running this script phase.\necho \"SUCCESS\" > \"${SCRIPT_OUTPUT_FILE_0}\"\n";
			showEnvVarsInLog = 0;
		};
		34B5D3A32C2179EE57ABBB88 /* [CP] Check Pods Manifest.lock */ = {
			isa = PBXShellScriptBuildPhase;
			buildActionMask = 2147483647;
			files = (
			);
			inputFileListPaths = (
			);
			inputPaths = (
				"${PODS_PODFILE_DIR_PATH}/Podfile.lock",
				"${PODS_ROOT}/Manifest.lock",
			);
			name = "[CP] Check Pods Manifest.lock";
			outputFileListPaths = (
			);
			outputPaths = (
				"$(DERIVED_FILE_DIR)/Pods-Lingora-LingoraUITests-checkManifestLockResult.txt",
			);
			runOnlyForDeploymentPostprocessing = 0;
			shellPath = /bin/sh;
			shellScript = "diff \"${PODS_PODFILE_DIR_PATH}/Podfile.lock\" \"${PODS_ROOT}/Manifest.lock\" > /dev/null\nif [ $? != 0 ] ; then\n    # print error to STDERR\n    echo \"error: The sandbox is not in sync with the Podfile.lock. Run 'pod install' or update your CocoaPods installation.\" >&2\n    exit 1\nfi\n# This output is used by Xcode 'outputs' to avoid re-running this script phase.\necho \"SUCCESS\" > \"${SCRIPT_OUTPUT_FILE_0}\"\n";
			showEnvVarsInLog = 0;
		};
		5BE63DF15592451CF0B8DB6F /* [CP] Embed Pods Frameworks */ = {
			isa = PBXShellScriptBuildPhase;
			buildActionMask = 2147483647;
			files = (
			);
			inputFileListPaths = (
				"${PODS_ROOT}/Target Support Files/Pods-Lingora-LingoraUITests/Pods-Lingora-LingoraUITests-frameworks-${CONFIGURATION}-input-files.xcfilelist",
			);
			name = "[CP] Embed Pods Frameworks";
			outputFileListPaths = (
				"${PODS_ROOT}/Target Support Files/Pods-Lingora-LingoraUITests/Pods-Lingora-LingoraUITests-frameworks-${CONFIGURATION}-output-files.xcfilelist",
			);
			runOnlyForDeploymentPostprocessing = 0;
			shellPath = /bin/sh;
			shellScript = "\"${PODS_ROOT}/Target Support Files/Pods-Lingora-LingoraUITests/Pods-Lingora-LingoraUITests-frameworks.sh\"\n";
			showEnvVarsInLog = 0;
		};
		8475CD90B0AB3E7AFC0EFF07 /* [CP] Embed Pods Frameworks */ = {
			isa = PBXShellScriptBuildPhase;
			buildActionMask = 2147483647;
			files = (
			);
			inputFileListPaths = (
				"${PODS_ROOT}/Target Support Files/Pods-Lingora/Pods-Lingora-frameworks-${CONFIGURATION}-input-files.xcfilelist",
			);
			name = "[CP] Embed Pods Frameworks";
			outputFileListPaths = (
				"${PODS_ROOT}/Target Support Files/Pods-Lingora/Pods-Lingora-frameworks-${CONFIGURATION}-output-files.xcfilelist",
			);
			runOnlyForDeploymentPostprocessing = 0;
			shellPath = /bin/sh;
			shellScript = "\"${PODS_ROOT}/Target Support Files/Pods-Lingora/Pods-Lingora-frameworks.sh\"\n";
			showEnvVarsInLog = 0;
		};
		DCB1C4866486FB48408300CA /* [CP] Copy Pods Resources */ = {
			isa = PBXShellScriptBuildPhase;
			buildActionMask = 2147483647;
			files = (
			);
			inputFileListPaths = (
				"${PODS_ROOT}/Target Support Files/Pods-Lingora-LingoraUITests/Pods-Lingora-LingoraUITests-resources-${CONFIGURATION}-input-files.xcfilelist",
			);
			name = "[CP] Copy Pods Resources";
			outputFileListPaths = (
				"${PODS_ROOT}/Target Support Files/Pods-Lingora-LingoraUITests/Pods-Lingora-LingoraUITests-resources-${CONFIGURATION}-output-files.xcfilelist",
			);
			runOnlyForDeploymentPostprocessing = 0;
			shellPath = /bin/sh;
			shellScript = "\"${PODS_ROOT}/Target Support Files/Pods-Lingora-LingoraUITests/Pods-Lingora-LingoraUITests-resources.sh\"\n";
			showEnvVarsInLog = 0;
		};
		E00461DEF476CB779B178CEA /* [CP] Check Pods Manifest.lock */ = {
			isa = PBXShellScriptBuildPhase;
			buildActionMask = 2147483647;
			files = (
			);
			inputFileListPaths = (
			);
			inputPaths = (
				"${PODS_PODFILE_DIR_PATH}/Podfile.lock",
				"${PODS_ROOT}/Manifest.lock",
			);
			name = "[CP] Check Pods Manifest.lock";
			outputFileListPaths = (
			);
			outputPaths = (
				"$(DERIVED_FILE_DIR)/Pods-Lingora-checkManifestLockResult.txt",
			);
			runOnlyForDeploymentPostprocessing = 0;
			shellPath = /bin/sh;
			shellScript = "diff \"${PODS_PODFILE_DIR_PATH}/Podfile.lock\" \"${PODS_ROOT}/Manifest.lock\" > /dev/null\nif [ $? != 0 ] ; then\n    # print error to STDERR\n    echo \"error: The sandbox is not in sync with the Podfile.lock. Run 'pod install' or update your CocoaPods installation.\" >&2\n    exit 1\nfi\n# This output is used by Xcode 'outputs' to avoid re-running this script phase.\necho \"SUCCESS\" > \"${SCRIPT_OUTPUT_FILE_0}\"\n";
			showEnvVarsInLog = 0;
		};
		E239D4E851999896146F11DB /* [CP] Copy Pods Resources */ = {
			isa = PBXShellScriptBuildPhase;
			buildActionMask = 2147483647;
			files = (
			);
			inputFileListPaths = (
				"${PODS_ROOT}/Target Support Files/Pods-Lingora/Pods-Lingora-resources-${CONFIGURATION}-input-files.xcfilelist",
			);
			name = "[CP] Copy Pods Resources";
			outputFileListPaths = (
				"${PODS_ROOT}/Target Support Files/Pods-Lingora/Pods-Lingora-resources-${CONFIGURATION}-output-files.xcfilelist",
			);
			runOnlyForDeploymentPostprocessing = 0;
			shellPath = /bin/sh;
			shellScript = "\"${PODS_ROOT}/Target Support Files/Pods-Lingora/Pods-Lingora-resources.sh\"\n";
			showEnvVarsInLog = 0;
		};
/* End PBXShellScriptBuildPhase section */

/* Begin PBXSourcesBuildPhase section */
		8D08BC302874A79F00E2D93D /* Sources */ = {
			isa = PBXSourcesBuildPhase;
			buildActionMask = 2147483647;
			files = (
				8D08BC3F2874A79F00E2D93D /* ViewController.m in Sources */,
				8D181DE52887547900011E25 /* ChatTableViewCell.m in Sources */,
				8D63C1AF288F175D007F99DE /* ChatUserSearchTableViewCell.m in Sources */,
				8D63C1AC288F0F23007F99DE /* SearchUsersToMessageViewController.m in Sources */,
				8D6C5005287CDDD800D22747 /* ViewProfileViewController.m in Sources */,
				8D08BC392874A79F00E2D93D /* AppDelegate.m in Sources */,
				8D08BC4A2874A7A000E2D93D /* main.m in Sources */,
				8D08BC3C2874A79F00E2D93D /* SceneDelegate.m in Sources */,
				8DC5AA212876561A00011509 /* Post.m in Sources */,
				8DFC725728932DE20088E08D /* ConversationHandler.m in Sources */,
				8D01F068289B4BDF00AF1484 /* SavedPostsViewController.m in Sources */,
				8D08BC712874D7DF00E2D93D /* LoginViewController.m in Sources */,
				8D42F8EE287F480E0078FD29 /* PostProfileTableViewCell.m in Sources */,
				8D62442E287CC05900B82B98 /* ProfileInterestsCollectionViewCell.m in Sources */,
				8DFC725A28932F0F0088E08D /* ConversationManager.m in Sources */,
				8D98E587287DF50C00AC4475 /* ProfileImageCollectionViewCell.m in Sources */,
				8D63C1A6288B6127007F99DE /* Message.m in Sources */,
				8D7396E3289DBA9900748374 /* RankInterestsViewController.m in Sources */,
				8D42F8F1287F5D5C0078FD29 /* RecommendedTableViewCell.m in Sources */,
				8D63C1B2288F3342007F99DE /* DirectMessageViewController.m in Sources */,
				8DC5AA1B28762BBE00011509 /* SignupViewController.m in Sources */,
				8DBA3EC12878C2680030EBEF /* ProfileTableViewCell.m in Sources */,
				8D1A7D782880A1AE005146C4 /* MapViewController.m in Sources */,
				8D62442B287CBBE300B82B98 /* RecommendedViewController.m in Sources */,
				8D4CCE8E289B108100C2A0CA /* RecommendUsersHandler.m in Sources */,
				8DBA3EBA28789A720030EBEF /* ComposePostViewController.m in Sources */,
				8DC5AA18287612FF00011509 /* WelcomeViewController.m in Sources */,
				8DC5AA1E28762BCE00011509 /* HomeFeedViewController.m in Sources */,
				8D42F8F4287F65930078FD29 /* PostDetailViewController.m in Sources */,
				8DBA3EBE2878B8D40030EBEF /* ProfileViewController.m in Sources */,
				8D42F8E8287F46CA0078FD29 /* PostInterestCollectionViewCell.m in Sources */,
				8DC5AA242877B3F400011509 /* PostTableViewCell.m in Sources */,
				8D63C1A9288B61FD007F99DE /* Conversation.m in Sources */,
				8D181DE228874ECC00011E25 /* ChatViewController.m in Sources */,
				8D42F8EB287F47050078FD29 /* PostProfileImagesCollectionViewCell.m in Sources */,
				8D63C1B5288F389B007F99DE /* DirectMessageTableViewCell.m in Sources */,
				8D01F06B289B506C00AF1484 /* SavedPostsTableViewCell.m in Sources */,
			);
			runOnlyForDeploymentPostprocessing = 0;
		};
		8D08BC4B2874A7A000E2D93D /* Sources */ = {
			isa = PBXSourcesBuildPhase;
			buildActionMask = 2147483647;
			files = (
				8D08BC542874A7A000E2D93D /* LingoraTests.m in Sources */,
			);
			runOnlyForDeploymentPostprocessing = 0;
		};
		8D08BC552874A7A000E2D93D /* Sources */ = {
			isa = PBXSourcesBuildPhase;
			buildActionMask = 2147483647;
			files = (
				8D08BC5E2874A7A000E2D93D /* LingoraUITests.m in Sources */,
				8D08BC602874A7A000E2D93D /* LingoraUITestsLaunchTests.m in Sources */,
			);
			runOnlyForDeploymentPostprocessing = 0;
		};
/* End PBXSourcesBuildPhase section */

/* Begin PBXTargetDependency section */
		8D08BC512874A7A000E2D93D /* PBXTargetDependency */ = {
			isa = PBXTargetDependency;
			target = 8D08BC332874A79F00E2D93D /* Lingora */;
			targetProxy = 8D08BC502874A7A000E2D93D /* PBXContainerItemProxy */;
		};
		8D08BC5B2874A7A000E2D93D /* PBXTargetDependency */ = {
			isa = PBXTargetDependency;
			target = 8D08BC332874A79F00E2D93D /* Lingora */;
			targetProxy = 8D08BC5A2874A7A000E2D93D /* PBXContainerItemProxy */;
		};
/* End PBXTargetDependency section */

/* Begin PBXVariantGroup section */
		8D08BC402874A79F00E2D93D /* Main.storyboard */ = {
			isa = PBXVariantGroup;
			children = (
				8D08BC412874A79F00E2D93D /* Base */,
			);
			name = Main.storyboard;
			sourceTree = "<group>";
		};
		8D08BC452874A7A000E2D93D /* LaunchScreen.storyboard */ = {
			isa = PBXVariantGroup;
			children = (
				8D08BC462874A7A000E2D93D /* Base */,
			);
			name = LaunchScreen.storyboard;
			sourceTree = "<group>";
		};
/* End PBXVariantGroup section */

/* Begin XCBuildConfiguration section */
		8D08BC612874A7A000E2D93D /* Debug */ = {
			isa = XCBuildConfiguration;
			buildSettings = {
				ALWAYS_SEARCH_USER_PATHS = NO;
				CLANG_ANALYZER_NONNULL = YES;
				CLANG_ANALYZER_NUMBER_OBJECT_CONVERSION = YES_AGGRESSIVE;
				CLANG_CXX_LANGUAGE_STANDARD = "gnu++17";
				CLANG_ENABLE_MODULES = YES;
				CLANG_ENABLE_OBJC_ARC = YES;
				CLANG_ENABLE_OBJC_WEAK = YES;
				CLANG_WARN_BLOCK_CAPTURE_AUTORELEASING = YES;
				CLANG_WARN_BOOL_CONVERSION = YES;
				CLANG_WARN_COMMA = YES;
				CLANG_WARN_CONSTANT_CONVERSION = YES;
				CLANG_WARN_DEPRECATED_OBJC_IMPLEMENTATIONS = YES;
				CLANG_WARN_DIRECT_OBJC_ISA_USAGE = YES_ERROR;
				CLANG_WARN_DOCUMENTATION_COMMENTS = YES;
				CLANG_WARN_EMPTY_BODY = YES;
				CLANG_WARN_ENUM_CONVERSION = YES;
				CLANG_WARN_INFINITE_RECURSION = YES;
				CLANG_WARN_INT_CONVERSION = YES;
				CLANG_WARN_NON_LITERAL_NULL_CONVERSION = YES;
				CLANG_WARN_OBJC_IMPLICIT_RETAIN_SELF = YES;
				CLANG_WARN_OBJC_LITERAL_CONVERSION = YES;
				CLANG_WARN_OBJC_ROOT_CLASS = YES_ERROR;
				CLANG_WARN_QUOTED_INCLUDE_IN_FRAMEWORK_HEADER = YES;
				CLANG_WARN_RANGE_LOOP_ANALYSIS = YES;
				CLANG_WARN_STRICT_PROTOTYPES = YES;
				CLANG_WARN_SUSPICIOUS_MOVE = YES;
				CLANG_WARN_UNGUARDED_AVAILABILITY = YES_AGGRESSIVE;
				CLANG_WARN_UNREACHABLE_CODE = YES;
				CLANG_WARN__DUPLICATE_METHOD_MATCH = YES;
				COPY_PHASE_STRIP = NO;
				DEBUG_INFORMATION_FORMAT = dwarf;
				ENABLE_STRICT_OBJC_MSGSEND = YES;
				ENABLE_TESTABILITY = YES;
				GCC_C_LANGUAGE_STANDARD = gnu11;
				GCC_DYNAMIC_NO_PIC = NO;
				GCC_NO_COMMON_BLOCKS = YES;
				GCC_OPTIMIZATION_LEVEL = 0;
				GCC_PREPROCESSOR_DEFINITIONS = (
					"DEBUG=1",
					"$(inherited)",
				);
				GCC_WARN_64_TO_32_BIT_CONVERSION = YES;
				GCC_WARN_ABOUT_RETURN_TYPE = YES_ERROR;
				GCC_WARN_UNDECLARED_SELECTOR = YES;
				GCC_WARN_UNINITIALIZED_AUTOS = YES_AGGRESSIVE;
				GCC_WARN_UNUSED_FUNCTION = YES;
				GCC_WARN_UNUSED_VARIABLE = YES;
				IPHONEOS_DEPLOYMENT_TARGET = 15.5;
				MTL_ENABLE_DEBUG_INFO = INCLUDE_SOURCE;
				MTL_FAST_MATH = YES;
				ONLY_ACTIVE_ARCH = YES;
				SDKROOT = iphoneos;
			};
			name = Debug;
		};
		8D08BC622874A7A000E2D93D /* Release */ = {
			isa = XCBuildConfiguration;
			buildSettings = {
				ALWAYS_SEARCH_USER_PATHS = NO;
				CLANG_ANALYZER_NONNULL = YES;
				CLANG_ANALYZER_NUMBER_OBJECT_CONVERSION = YES_AGGRESSIVE;
				CLANG_CXX_LANGUAGE_STANDARD = "gnu++17";
				CLANG_ENABLE_MODULES = YES;
				CLANG_ENABLE_OBJC_ARC = YES;
				CLANG_ENABLE_OBJC_WEAK = YES;
				CLANG_WARN_BLOCK_CAPTURE_AUTORELEASING = YES;
				CLANG_WARN_BOOL_CONVERSION = YES;
				CLANG_WARN_COMMA = YES;
				CLANG_WARN_CONSTANT_CONVERSION = YES;
				CLANG_WARN_DEPRECATED_OBJC_IMPLEMENTATIONS = YES;
				CLANG_WARN_DIRECT_OBJC_ISA_USAGE = YES_ERROR;
				CLANG_WARN_DOCUMENTATION_COMMENTS = YES;
				CLANG_WARN_EMPTY_BODY = YES;
				CLANG_WARN_ENUM_CONVERSION = YES;
				CLANG_WARN_INFINITE_RECURSION = YES;
				CLANG_WARN_INT_CONVERSION = YES;
				CLANG_WARN_NON_LITERAL_NULL_CONVERSION = YES;
				CLANG_WARN_OBJC_IMPLICIT_RETAIN_SELF = YES;
				CLANG_WARN_OBJC_LITERAL_CONVERSION = YES;
				CLANG_WARN_OBJC_ROOT_CLASS = YES_ERROR;
				CLANG_WARN_QUOTED_INCLUDE_IN_FRAMEWORK_HEADER = YES;
				CLANG_WARN_RANGE_LOOP_ANALYSIS = YES;
				CLANG_WARN_STRICT_PROTOTYPES = YES;
				CLANG_WARN_SUSPICIOUS_MOVE = YES;
				CLANG_WARN_UNGUARDED_AVAILABILITY = YES_AGGRESSIVE;
				CLANG_WARN_UNREACHABLE_CODE = YES;
				CLANG_WARN__DUPLICATE_METHOD_MATCH = YES;
				COPY_PHASE_STRIP = NO;
				DEBUG_INFORMATION_FORMAT = "dwarf-with-dsym";
				ENABLE_NS_ASSERTIONS = NO;
				ENABLE_STRICT_OBJC_MSGSEND = YES;
				GCC_C_LANGUAGE_STANDARD = gnu11;
				GCC_NO_COMMON_BLOCKS = YES;
				GCC_WARN_64_TO_32_BIT_CONVERSION = YES;
				GCC_WARN_ABOUT_RETURN_TYPE = YES_ERROR;
				GCC_WARN_UNDECLARED_SELECTOR = YES;
				GCC_WARN_UNINITIALIZED_AUTOS = YES_AGGRESSIVE;
				GCC_WARN_UNUSED_FUNCTION = YES;
				GCC_WARN_UNUSED_VARIABLE = YES;
				IPHONEOS_DEPLOYMENT_TARGET = 15.5;
				MTL_ENABLE_DEBUG_INFO = NO;
				MTL_FAST_MATH = YES;
				SDKROOT = iphoneos;
				VALIDATE_PRODUCT = YES;
			};
			name = Release;
		};
		8D08BC642874A7A000E2D93D /* Debug */ = {
			isa = XCBuildConfiguration;
			baseConfigurationReference = 01AA6A31E6D7D3BBD0689275 /* Pods-Lingora.debug.xcconfig */;
			buildSettings = {
				ASSETCATALOG_COMPILER_APPICON_NAME = AppIcon;
				ASSETCATALOG_COMPILER_GLOBAL_ACCENT_COLOR_NAME = AccentColor;
				CODE_SIGN_STYLE = Automatic;
				CURRENT_PROJECT_VERSION = 1;
				DEVELOPMENT_TEAM = 4JF22M4BW6;
				GENERATE_INFOPLIST_FILE = YES;
				INFOPLIST_FILE = Lingora/Info.plist;
				INFOPLIST_KEY_UIApplicationSupportsIndirectInputEvents = YES;
				INFOPLIST_KEY_UILaunchStoryboardName = LaunchScreen;
				INFOPLIST_KEY_UIMainStoryboardFile = Main;
				INFOPLIST_KEY_UISupportedInterfaceOrientations_iPad = "UIInterfaceOrientationPortrait UIInterfaceOrientationPortraitUpsideDown UIInterfaceOrientationLandscapeLeft UIInterfaceOrientationLandscapeRight";
				INFOPLIST_KEY_UISupportedInterfaceOrientations_iPhone = "UIInterfaceOrientationPortrait UIInterfaceOrientationLandscapeLeft UIInterfaceOrientationLandscapeRight";
				LD_RUNPATH_SEARCH_PATHS = (
					"$(inherited)",
					"@executable_path/Frameworks",
				);
				MARKETING_VERSION = 1.0;
				PRODUCT_BUNDLE_IDENTIFIER = com.codepath.Lingora;
				PRODUCT_NAME = "$(TARGET_NAME)";
				SWIFT_EMIT_LOC_STRINGS = YES;
				TARGETED_DEVICE_FAMILY = "1,2";
			};
			name = Debug;
		};
		8D08BC652874A7A000E2D93D /* Release */ = {
			isa = XCBuildConfiguration;
			baseConfigurationReference = F56DCA3193B987F897B02C73 /* Pods-Lingora.release.xcconfig */;
			buildSettings = {
				ASSETCATALOG_COMPILER_APPICON_NAME = AppIcon;
				ASSETCATALOG_COMPILER_GLOBAL_ACCENT_COLOR_NAME = AccentColor;
				CODE_SIGN_STYLE = Automatic;
				CURRENT_PROJECT_VERSION = 1;
				DEVELOPMENT_TEAM = 4JF22M4BW6;
				GENERATE_INFOPLIST_FILE = YES;
				INFOPLIST_FILE = Lingora/Info.plist;
				INFOPLIST_KEY_UIApplicationSupportsIndirectInputEvents = YES;
				INFOPLIST_KEY_UILaunchStoryboardName = LaunchScreen;
				INFOPLIST_KEY_UIMainStoryboardFile = Main;
				INFOPLIST_KEY_UISupportedInterfaceOrientations_iPad = "UIInterfaceOrientationPortrait UIInterfaceOrientationPortraitUpsideDown UIInterfaceOrientationLandscapeLeft UIInterfaceOrientationLandscapeRight";
				INFOPLIST_KEY_UISupportedInterfaceOrientations_iPhone = "UIInterfaceOrientationPortrait UIInterfaceOrientationLandscapeLeft UIInterfaceOrientationLandscapeRight";
				LD_RUNPATH_SEARCH_PATHS = (
					"$(inherited)",
					"@executable_path/Frameworks",
				);
				MARKETING_VERSION = 1.0;
				PRODUCT_BUNDLE_IDENTIFIER = com.codepath.Lingora;
				PRODUCT_NAME = "$(TARGET_NAME)";
				SWIFT_EMIT_LOC_STRINGS = YES;
				TARGETED_DEVICE_FAMILY = "1,2";
			};
			name = Release;
		};
		8D08BC672874A7A000E2D93D /* Debug */ = {
			isa = XCBuildConfiguration;
			baseConfigurationReference = D0202880DCEBFB0B7B05458B /* Pods-LingoraTests.debug.xcconfig */;
			buildSettings = {
				BUNDLE_LOADER = "$(TEST_HOST)";
				CODE_SIGN_STYLE = Automatic;
				CURRENT_PROJECT_VERSION = 1;
				DEVELOPMENT_TEAM = 4JF22M4BW6;
				GENERATE_INFOPLIST_FILE = YES;
				IPHONEOS_DEPLOYMENT_TARGET = 15.5;
				MARKETING_VERSION = 1.0;
				PRODUCT_BUNDLE_IDENTIFIER = com.codepath.LingoraTests;
				PRODUCT_NAME = "$(TARGET_NAME)";
				SWIFT_EMIT_LOC_STRINGS = NO;
				TARGETED_DEVICE_FAMILY = "1,2";
				TEST_HOST = "$(BUILT_PRODUCTS_DIR)/Lingora.app/Lingora";
			};
			name = Debug;
		};
		8D08BC682874A7A000E2D93D /* Release */ = {
			isa = XCBuildConfiguration;
			baseConfigurationReference = E3790AAAFC7DEA2F5390122C /* Pods-LingoraTests.release.xcconfig */;
			buildSettings = {
				BUNDLE_LOADER = "$(TEST_HOST)";
				CODE_SIGN_STYLE = Automatic;
				CURRENT_PROJECT_VERSION = 1;
				DEVELOPMENT_TEAM = 4JF22M4BW6;
				GENERATE_INFOPLIST_FILE = YES;
				IPHONEOS_DEPLOYMENT_TARGET = 15.5;
				MARKETING_VERSION = 1.0;
				PRODUCT_BUNDLE_IDENTIFIER = com.codepath.LingoraTests;
				PRODUCT_NAME = "$(TARGET_NAME)";
				SWIFT_EMIT_LOC_STRINGS = NO;
				TARGETED_DEVICE_FAMILY = "1,2";
				TEST_HOST = "$(BUILT_PRODUCTS_DIR)/Lingora.app/Lingora";
			};
			name = Release;
		};
		8D08BC6A2874A7A000E2D93D /* Debug */ = {
			isa = XCBuildConfiguration;
			baseConfigurationReference = 099EFCCD233CE4398689CBAC /* Pods-Lingora-LingoraUITests.debug.xcconfig */;
			buildSettings = {
				CODE_SIGN_STYLE = Automatic;
				CURRENT_PROJECT_VERSION = 1;
				DEVELOPMENT_TEAM = 4JF22M4BW6;
				GENERATE_INFOPLIST_FILE = YES;
				MARKETING_VERSION = 1.0;
				PRODUCT_BUNDLE_IDENTIFIER = com.codepath.LingoraUITests;
				PRODUCT_NAME = "$(TARGET_NAME)";
				SWIFT_EMIT_LOC_STRINGS = NO;
				TARGETED_DEVICE_FAMILY = "1,2";
				TEST_TARGET_NAME = Lingora;
			};
			name = Debug;
		};
		8D08BC6B2874A7A000E2D93D /* Release */ = {
			isa = XCBuildConfiguration;
			baseConfigurationReference = 764867815445D58D3F2B9098 /* Pods-Lingora-LingoraUITests.release.xcconfig */;
			buildSettings = {
				CODE_SIGN_STYLE = Automatic;
				CURRENT_PROJECT_VERSION = 1;
				DEVELOPMENT_TEAM = 4JF22M4BW6;
				GENERATE_INFOPLIST_FILE = YES;
				MARKETING_VERSION = 1.0;
				PRODUCT_BUNDLE_IDENTIFIER = com.codepath.LingoraUITests;
				PRODUCT_NAME = "$(TARGET_NAME)";
				SWIFT_EMIT_LOC_STRINGS = NO;
				TARGETED_DEVICE_FAMILY = "1,2";
				TEST_TARGET_NAME = Lingora;
			};
			name = Release;
		};
/* End XCBuildConfiguration section */

/* Begin XCConfigurationList section */
		8D08BC2F2874A79F00E2D93D /* Build configuration list for PBXProject "Lingora" */ = {
			isa = XCConfigurationList;
			buildConfigurations = (
				8D08BC612874A7A000E2D93D /* Debug */,
				8D08BC622874A7A000E2D93D /* Release */,
			);
			defaultConfigurationIsVisible = 0;
			defaultConfigurationName = Release;
		};
		8D08BC632874A7A000E2D93D /* Build configuration list for PBXNativeTarget "Lingora" */ = {
			isa = XCConfigurationList;
			buildConfigurations = (
				8D08BC642874A7A000E2D93D /* Debug */,
				8D08BC652874A7A000E2D93D /* Release */,
			);
			defaultConfigurationIsVisible = 0;
			defaultConfigurationName = Release;
		};
		8D08BC662874A7A000E2D93D /* Build configuration list for PBXNativeTarget "LingoraTests" */ = {
			isa = XCConfigurationList;
			buildConfigurations = (
				8D08BC672874A7A000E2D93D /* Debug */,
				8D08BC682874A7A000E2D93D /* Release */,
			);
			defaultConfigurationIsVisible = 0;
			defaultConfigurationName = Release;
		};
		8D08BC692874A7A000E2D93D /* Build configuration list for PBXNativeTarget "LingoraUITests" */ = {
			isa = XCConfigurationList;
			buildConfigurations = (
				8D08BC6A2874A7A000E2D93D /* Debug */,
				8D08BC6B2874A7A000E2D93D /* Release */,
			);
			defaultConfigurationIsVisible = 0;
			defaultConfigurationName = Release;
		};
/* End XCConfigurationList section */
	};
	rootObject = 8D08BC2C2874A79F00E2D93D /* Project object */;
}
